{
  "name": "custommailvalidator",
  "version": "1.0.2",
  "lockfileVersion": 3,
  "requires": true,
  "packages": {
    "": {
      "name": "custommailvalidator",
      "version": "1.0.2",
      "license": "ISC",
      "dependencies": {
        "custommailvalidator": "^1.0.2"
      }
    },
    "node_modules/custommailvalidator": {
      "version": "1.0.2",
      "resolved": "https://registry.npmjs.org/custommailvalidator/-/custommailvalidator-1.0.2.tgz",
      "integrity": "sha512-I0lzwWxnTd2mcpAaeEKLtoZJA2T1hFShGmMCQSDn5vK3awh2LMCgCxzfbQlJzXt9D/r7mmxxaLDRicSs9waw7Q==",
      "license": "ISC"
    }
  }
}
